{
  "requires": true,
  "lockfileVersion": 1,
  "dependencies": {
    "bootstrap": {
      "version": "4.1.3",
      "resolved": "https://registry.npmjs.org/bootstrap/-/bootstrap-4.1.3.tgz",
      "integrity": "sha512-rDFIzgXcof0jDyjNosjv4Sno77X4KuPeFxG2XZZv1/Kc8DRVGVADdoQyyOVDwPqL36DDmtCQbrpMCqvpPLJQ0w=="
    },
    "jquery": {
      "version": "3.3.1",
      "resolved": "https://registry.npmjs.org/jquery/-/jquery-3.3.1.tgz",
      "integrity": "sha512-Ubldcmxp5np52/ENotGxlLe6aGMvmF4R8S6tZjsP6Knsaxd/xp3Zrh50cG93lR6nPXyUFwzN3ZSOQI0wRJNdGg=="
    },
    "jquery-lazy": {
      "version": "1.7.10",
      "resolved": "https://registry.npmjs.org/jquery-lazy/-/jquery-lazy-1.7.10.tgz",
      "integrity": "sha512-1vBpU+igfZJ58BrQrk2OFl3TMriGeIfZUg35uSIajZF4GcxF96NtdS3LbWk5a72rH2ypz0odTsAkqhUsICknhw==",
      "requires": {
        "jquery": ">=1.7.2"
      }
    },
    "sweetalert2": {
      "version": "8.0.5",
      "resolved": "https://registry.npmjs.org/sweetalert2/-/sweetalert2-8.0.5.tgz",
      "integrity": "sha512-z0SISdTHfUs6I2gFvZIZEdNgjCyGlH6rm5cQBiAVlmha8wTKdDlzoRebfQqeySakb8J9ZlUdDvbmS6SrDzdiHg=="
    }
    
  }
}
